
Microsoft Visual Studio Solution File, Format Version 12.00
# Visual Studio Version 17
VisualStudioVersion = 17.2.32516.85
MinimumVisualStudioVersion = 10.0.40219.1
Project("{FAE04EC0-301F-11D3-BF4B-00C04F79EFBC}") = "OnlineMeasurement", "OnlineMeasurement\OnlineMeasurement.csproj", "{7827DF49-7ABC-403E-B7C7-CE4DCF2EC78A}"
EndProject
Global
	GlobalSection(SolutionConfigurationPlatforms) = preSolution
		Debug|Any CPU = Debug|Any CPU
		Release|Any CPU = Release|Any CPU
	EndGlobalSection
	GlobalSection(ProjectConfigurationPlatforms) = postSolution
		{7827DF49-7ABC-403E-B7C7-CE4DCF2EC78A}.Debug|Any CPU.ActiveCfg = Debug|Any CPU
		{7827DF49-7ABC-403E-B7C7-CE4DCF2EC78A}.Debug|Any CPU.Build.0 = Debug|Any CPU
		{7827DF49-7ABC-403E-B7C7-CE4DCF2EC78A}.Release|Any CPU.ActiveCfg = Release|Any CPU
		{7827DF49-7ABC-403E-B7C7-CE4DCF2EC78A}.Release|Any CPU.Build.0 = Release|Any CPU
	EndGlobalSection
	GlobalSection(SolutionProperties) = preSolution
		HideSolutionNode = FALSE
	EndGlobalSection
	GlobalSection(ExtensibilityGlobals) = postSolution
		SolutionGuid = {0DE8A6AC-236D-4B06-B517-D0D7386D45B7}
	EndGlobalSection
EndGlobal
